PODS:
  - Alamofire (4.8.1)
  - Cache (5.2.0)
  - CryptoSwift (0.14.0)
  - JXPhotoBrowser (1.6.1):
    - JXPhotoBrowser/Kingfisher (= 1.6.1)
  - JXPhotoBrowser/Core (1.6.1)
  - JXPhotoBrowser/Kingfisher (1.6.1):
    - JXPhotoBrowser/Core
    - Kingfisher
  - Kawagarbo_iOS (0.1.0):
    - Cache
    - CryptoSwift
    - JXPhotoBrowser
    - MBProgressHUD
    - SolarNetwork
    - ZYImagePickerAndBrower
  - Kingfisher (4.10.1)
  - MBProgressHUD (1.1.0)
  - SolarNetwork (1.2.0):
    - Alamofire
  - ZYImagePickerAndBrower (1.2.0)

DEPENDENCIES:
  - Kawagarbo_iOS (from `../`)

SPEC REPOS:
  https://github.com/cocoapods/specs.git:
    - Alamofire
    - Cache
    - CryptoSwift
    - JXPhotoBrowser
    - Kingfisher
    - MBProgressHUD
    - SolarNetwork
    - ZYImagePickerAndBrower

EXTERNAL SOURCES:
  Kawagarbo_iOS:
    :path: "../"

SPEC CHECKSUMS:
  Alamofire: 16ce2c353fb72865124ddae8a57c5942388f4f11
  Cache: 807c5d86d01a177f06ede9865add3aea269bbfd4
  CryptoSwift: 35a10419f4dbf0619c13f8c1c180037e115323fa
  JXPhotoBrowser: c0bfdad3d29c33a8e67ad69b898545452b888dc8
  Kawagarbo_iOS: 4b56de931afd130792e74a2996852e0f8813a7a1
  Kingfisher: c148cd7b47ebde9989f6bc7c27dcaa79d81279a0
  MBProgressHUD: e7baa36a220447d8aeb12769bf0585582f3866d9
  SolarNetwork: f04b0094e0150b79f2b208a5367a374505ed70b9
  ZYImagePickerAndBrower: 3fd9419f6c922bf89ca5ebf18addbba72b561835

PODFILE CHECKSUM: 8c48c38617c4b60ec02322d7b521d3ba184bce58

COCOAPODS: 1.6.0.beta.2
