PODS:
  - Kawagarbo_iOS (0.1.0):
    - MBProgressHUD
  - MBProgressHUD (1.1.0)

DEPENDENCIES:
  - Kawagarbo_iOS (from `../`)

SPEC REPOS:
  https://github.com/cocoapods/specs.git:
    - MBProgressHUD

EXTERNAL SOURCES:
  Kawagarbo_iOS:
    :path: "../"

SPEC CHECKSUMS:
  Kawagarbo_iOS: a0129bb1714c676f0926818b77d559b8150bc5ab
  MBProgressHUD: e7baa36a220447d8aeb12769bf0585582f3866d9

PODFILE CHECKSUM: c2a1cc76932508a453b23ca5fe13f8ab3953e645

COCOAPODS: 1.6.0.beta.2
