// !$*UTF8*$!
{
	archiveVersion = 1;
	classes = {
	};
	objectVersion = 50;
	objects = {

/* Begin PBXBuildFile section */
		3B1E08332125285C00788CD7 /* AppDelegate.swift in Sources */ = {isa = PBXBuildFile; fileRef = 3B1E08322125285C00788CD7 /* AppDelegate.swift */; };
		3B1E08352125285C00788CD7 /* FirstViewController.swift in Sources */ = {isa = PBXBuildFile; fileRef = 3B1E08342125285C00788CD7 /* FirstViewController.swift */; };
		3B1E08372125285C00788CD7 /* SecondViewController.swift in Sources */ = {isa = PBXBuildFile; fileRef = 3B1E08362125285C00788CD7 /* SecondViewController.swift */; };
		3B1E083A2125285C00788CD7 /* Main.storyboard in Resources */ = {isa = PBXBuildFile; fileRef = 3B1E08382125285C00788CD7 /* Main.storyboard */; };
		3B1E083C2125285F00788CD7 /* Assets.xcassets in Resources */ = {isa = PBXBuildFile; fileRef = 3B1E083B2125285F00788CD7 /* Assets.xcassets */; };
		3B1E083F2125285F00788CD7 /* LaunchScreen.storyboard in Resources */ = {isa = PBXBuildFile; fileRef = 3B1E083D2125285F00788CD7 /* LaunchScreen.storyboard */; };
		3B1E0848212528A400788CD7 /* test.txt in Resources */ = {isa = PBXBuildFile; fileRef = 3B1E0847212528A400788CD7 /* test.txt */; };
/* End PBXBuildFile section */

/* Begin PBXFileReference section */
		3B1E082F2125285C00788CD7 /* KawagarboExample.app */ = {isa = PBXFileReference; explicitFileType = wrapper.application; includeInIndex = 0; path = KawagarboExample.app; sourceTree = BUILT_PRODUCTS_DIR; };
		3B1E08322125285C00788CD7 /* AppDelegate.swift */ = {isa = PBXFileReference; lastKnownFileType = sourcecode.swift; path = AppDelegate.swift; sourceTree = "<group>"; };
		3B1E08342125285C00788CD7 /* FirstViewController.swift */ = {isa = PBXFileReference; lastKnownFileType = sourcecode.swift; path = FirstViewController.swift; sourceTree = "<group>"; };
		3B1E08362125285C00788CD7 /* SecondViewController.swift */ = {isa = PBXFileReference; lastKnownFileType = sourcecode.swift; path = SecondViewController.swift; sourceTree = "<group>"; };
		3B1E08392125285C00788CD7 /* Base */ = {isa = PBXFileReference; lastKnownFileType = file.storyboard; name = Base; path = Base.lproj/Main.storyboard; sourceTree = "<group>"; };
		3B1E083B2125285F00788CD7 /* Assets.xcassets */ = {isa = PBXFileReference; lastKnownFileType = folder.assetcatalog; path = Assets.xcassets; sourceTree = "<group>"; };
		3B1E083E2125285F00788CD7 /* Base */ = {isa = PBXFileReference; lastKnownFileType = file.storyboard; name = Base; path = Base.lproj/LaunchScreen.storyboard; sourceTree = "<group>"; };
		3B1E08402125285F00788CD7 /* Info.plist */ = {isa = PBXFileReference; lastKnownFileType = text.plist.xml; path = Info.plist; sourceTree = "<group>"; };
		3B1E0847212528A400788CD7 /* test.txt */ = {isa = PBXFileReference; fileEncoding = 4; lastKnownFileType = text; path = test.txt; sourceTree = "<group>"; };
/* End PBXFileReference section */

/* Begin PBXFrameworksBuildPhase section */
		3B1E082C2125285C00788CD7 /* Frameworks */ = {
			isa = PBXFrameworksBuildPhase;
			buildActionMask = 2147483647;
			files = (
			);
			runOnlyForDeploymentPostprocessing = 0;
		};
/* End PBXFrameworksBuildPhase section */

/* Begin PBXGroup section */
		3B1E08262125285C00788CD7 = {
			isa = PBXGroup;
			children = (
				3B1E0846212528A400788CD7 /* Kawagarbo */,
				3B1E08312125285C00788CD7 /* KawagarboExample */,
				3B1E08302125285C00788CD7 /* Products */,
			);
			sourceTree = "<group>";
		};
		3B1E08302125285C00788CD7 /* Products */ = {
			isa = PBXGroup;
			children = (
				3B1E082F2125285C00788CD7 /* KawagarboExample.app */,
			);
			name = Products;
			sourceTree = "<group>";
		};
		3B1E08312125285C00788CD7 /* KawagarboExample */ = {
			isa = PBXGroup;
			children = (
				3B1E08322125285C00788CD7 /* AppDelegate.swift */,
				3B1E08342125285C00788CD7 /* FirstViewController.swift */,
				3B1E08362125285C00788CD7 /* SecondViewController.swift */,
				3B1E08382125285C00788CD7 /* Main.storyboard */,
				3B1E083B2125285F00788CD7 /* Assets.xcassets */,
				3B1E083D2125285F00788CD7 /* LaunchScreen.storyboard */,
				3B1E08402125285F00788CD7 /* Info.plist */,
			);
			path = KawagarboExample;
			sourceTree = "<group>";
		};
		3B1E0846212528A400788CD7 /* Kawagarbo */ = {
			isa = PBXGroup;
			children = (
				3B1E0847212528A400788CD7 /* test.txt */,
			);
			name = Kawagarbo;
			path = ../Kawagarbo;
			sourceTree = "<group>";
		};
/* End PBXGroup section */

/* Begin PBXNativeTarget section */
		3B1E082E2125285C00788CD7 /* KawagarboExample */ = {
			isa = PBXNativeTarget;
			buildConfigurationList = 3B1E08432125285F00788CD7 /* Build configuration list for PBXNativeTarget "KawagarboExample" */;
			buildPhases = (
				3B1E082B2125285C00788CD7 /* Sources */,
				3B1E082C2125285C00788CD7 /* Frameworks */,
				3B1E082D2125285C00788CD7 /* Resources */,
			);
			buildRules = (
			);
			dependencies = (
			);
			name = KawagarboExample;
			productName = KawagarboExample;
			productReference = 3B1E082F2125285C00788CD7 /* KawagarboExample.app */;
			productType = "com.apple.product-type.application";
		};
/* End PBXNativeTarget section */

/* Begin PBXProject section */
		3B1E08272125285C00788CD7 /* Project object */ = {
			isa = PBXProject;
			attributes = {
				LastSwiftUpdateCheck = 0940;
				LastUpgradeCheck = 0940;
				ORGANIZATIONNAME = Moirig;
				TargetAttributes = {
					3B1E082E2125285C00788CD7 = {
						CreatedOnToolsVersion = 9.4.1;
					};
				};
			};
			buildConfigurationList = 3B1E082A2125285C00788CD7 /* Build configuration list for PBXProject "KawagarboExample" */;
			compatibilityVersion = "Xcode 9.3";
			developmentRegion = en;
			hasScannedForEncodings = 0;
			knownRegions = (
				en,
				Base,
			);
			mainGroup = 3B1E08262125285C00788CD7;
			productRefGroup = 3B1E08302125285C00788CD7 /* Products */;
			projectDirPath = "";
			projectRoot = "";
			targets = (
				3B1E082E2125285C00788CD7 /* KawagarboExample */,
			);
		};
/* End PBXProject section */

/* Begin PBXResourcesBuildPhase section */
		3B1E082D2125285C00788CD7 /* Resources */ = {
			isa = PBXResourcesBuildPhase;
			buildActionMask = 2147483647;
			files = (
				3B1E083F2125285F00788CD7 /* LaunchScreen.storyboard in Resources */,
				3B1E083C2125285F00788CD7 /* Assets.xcassets in Resources */,
				3B1E0848212528A400788CD7 /* test.txt in Resources */,
				3B1E083A2125285C00788CD7 /* Main.storyboard in Resources */,
			);
			runOnlyForDeploymentPostprocessing = 0;
		};
/* End PBXResourcesBuildPhase section */

/* Begin PBXSourcesBuildPhase section */
		3B1E082B2125285C00788CD7 /* Sources */ = {
			isa = PBXSourcesBuildPhase;
			buildActionMask = 2147483647;
			files = (
				3B1E08372125285C00788CD7 /* SecondViewController.swift in Sources */,
				3B1E08332125285C00788CD7 /* AppDelegate.swift in Sources */,
				3B1E08352125285C00788CD7 /* FirstViewController.swift in Sources */,
			);
			runOnlyForDeploymentPostprocessing = 0;
		};
/* End PBXSourcesBuildPhase section */

/* Begin PBXVariantGroup section */
		3B1E08382125285C00788CD7 /* Main.storyboard */ = {
			isa = PBXVariantGroup;
			children = (
				3B1E08392125285C00788CD7 /* Base */,
			);
			name = Main.storyboard;
			sourceTree = "<group>";
		};
		3B1E083D2125285F00788CD7 /* LaunchScreen.storyboard */ = {
			isa = PBXVariantGroup;
			children = (
				3B1E083E2125285F00788CD7 /* Base */,
			);
			name = LaunchScreen.storyboard;
			sourceTree = "<group>";
		};
/* End PBXVariantGroup section */

/* Begin XCBuildConfiguration section */
		3B1E08412125285F00788CD7 /* Debug */ = {
			isa = XCBuildConfiguration;
			buildSettings = {
				ALWAYS_SEARCH_USER_PATHS = NO;
				CLANG_ANALYZER_NONNULL = YES;
				CLANG_ANALYZER_NUMBER_OBJECT_CONVERSION = YES_AGGRESSIVE;
				CLANG_CXX_LANGUAGE_STANDARD = "gnu++14";
				CLANG_CXX_LIBRARY = "libc++";
				CLANG_ENABLE_MODULES = YES;
				CLANG_ENABLE_OBJC_ARC = YES;
				CLANG_ENABLE_OBJC_WEAK = YES;
				CLANG_WARN_BLOCK_CAPTURE_AUTORELEASING = YES;
				CLANG_WARN_BOOL_CONVERSION = YES;
				CLANG_WARN_COMMA = YES;
				CLANG_WARN_CONSTANT_CONVERSION = YES;
				CLANG_WARN_DEPRECATED_OBJC_IMPLEMENTATIONS = YES;
				CLANG_WARN_DIRECT_OBJC_ISA_USAGE = YES_ERROR;
				CLANG_WARN_DOCUMENTATION_COMMENTS = YES;
				CLANG_WARN_EMPTY_BODY = YES;
				CLANG_WARN_ENUM_CONVERSION = YES;
				CLANG_WARN_INFINITE_RECURSION = YES;
				CLANG_WARN_INT_CONVERSION = YES;
				CLANG_WARN_NON_LITERAL_NULL_CONVERSION = YES;
				CLANG_WARN_OBJC_IMPLICIT_RETAIN_SELF = YES;
				CLANG_WARN_OBJC_LITERAL_CONVERSION = YES;
				CLANG_WARN_OBJC_ROOT_CLASS = YES_ERROR;
				CLANG_WARN_RANGE_LOOP_ANALYSIS = YES;
				CLANG_WARN_STRICT_PROTOTYPES = YES;
				CLANG_WARN_SUSPICIOUS_MOVE = YES;
				CLANG_WARN_UNGUARDED_AVAILABILITY = YES_AGGRESSIVE;
				CLANG_WARN_UNREACHABLE_CODE = YES;
				CLANG_WARN__DUPLICATE_METHOD_MATCH = YES;
				CODE_SIGN_IDENTITY = "iPhone Developer";
				COPY_PHASE_STRIP = NO;
				DEBUG_INFORMATION_FORMAT = dwarf;
				ENABLE_STRICT_OBJC_MSGSEND = YES;
				ENABLE_TESTABILITY = YES;
				GCC_C_LANGUAGE_STANDARD = gnu11;
				GCC_DYNAMIC_NO_PIC = NO;
				GCC_NO_COMMON_BLOCKS = YES;
				GCC_OPTIMIZATION_LEVEL = 0;
				GCC_PREPROCESSOR_DEFINITIONS = (
					"DEBUG=1",
					"$(inherited)",
				);
				GCC_WARN_64_TO_32_BIT_CONVERSION = YES;
				GCC_WARN_ABOUT_RETURN_TYPE = YES_ERROR;
				GCC_WARN_UNDECLARED_SELECTOR = YES;
				GCC_WARN_UNINITIALIZED_AUTOS = YES_AGGRESSIVE;
				GCC_WARN_UNUSED_FUNCTION = YES;
				GCC_WARN_UNUSED_VARIABLE = YES;
				IPHONEOS_DEPLOYMENT_TARGET = 11.4;
				MTL_ENABLE_DEBUG_INFO = YES;
				ONLY_ACTIVE_ARCH = YES;
				SDKROOT = iphoneos;
				SWIFT_ACTIVE_COMPILATION_CONDITIONS = DEBUG;
				SWIFT_OPTIMIZATION_LEVEL = "-Onone";
			};
			name = Debug;
		};
		3B1E08422125285F00788CD7 /* Release */ = {
			isa = XCBuildConfiguration;
			buildSettings = {
				ALWAYS_SEARCH_USER_PATHS = NO;
				CLANG_ANALYZER_NONNULL = YES;
				CLANG_ANALYZER_NUMBER_OBJECT_CONVERSION = YES_AGGRESSIVE;
				CLANG_CXX_LANGUAGE_STANDARD = "gnu++14";
				CLANG_CXX_LIBRARY = "libc++";
				CLANG_ENABLE_MODULES = YES;
				CLANG_ENABLE_OBJC_ARC = YES;
				CLANG_ENABLE_OBJC_WEAK = YES;
				CLANG_WARN_BLOCK_CAPTURE_AUTORELEASING = YES;
				CLANG_WARN_BOOL_CONVERSION = YES;
				CLANG_WARN_COMMA = YES;
				CLANG_WARN_CONSTANT_CONVERSION = YES;
				CLANG_WARN_DEPRECATED_OBJC_IMPLEMENTATIONS = YES;
				CLANG_WARN_DIRECT_OBJC_ISA_USAGE = YES_ERROR;
				CLANG_WARN_DOCUMENTATION_COMMENTS = YES;
				CLANG_WARN_EMPTY_BODY = YES;
				CLANG_WARN_ENUM_CONVERSION = YES;
				CLANG_WARN_INFINITE_RECURSION = YES;
				CLANG_WARN_INT_CONVERSION = YES;
				CLANG_WARN_NON_LITERAL_NULL_CONVERSION = YES;
				CLANG_WARN_OBJC_IMPLICIT_RETAIN_SELF = YES;
				CLANG_WARN_OBJC_LITERAL_CONVERSION = YES;
				CLANG_WARN_OBJC_ROOT_CLASS = YES_ERROR;
				CLANG_WARN_RANGE_LOOP_ANALYSIS = YES;
				CLANG_WARN_STRICT_PROTOTYPES = YES;
				CLANG_WARN_SUSPICIOUS_MOVE = YES;
				CLANG_WARN_UNGUARDED_AVAILABILITY = YES_AGGRESSIVE;
				CLANG_WARN_UNREACHABLE_CODE = YES;
				CLANG_WARN__DUPLICATE_METHOD_MATCH = YES;
				CODE_SIGN_IDENTITY = "iPhone Developer";
				COPY_PHASE_STRIP = NO;
				DEBUG_INFORMATION_FORMAT = "dwarf-with-dsym";
				ENABLE_NS_ASSERTIONS = NO;
				ENABLE_STRICT_OBJC_MSGSEND = YES;
				GCC_C_LANGUAGE_STANDARD = gnu11;
				GCC_NO_COMMON_BLOCKS = YES;
				GCC_WARN_64_TO_32_BIT_CONVERSION = YES;
				GCC_WARN_ABOUT_RETURN_TYPE = YES_ERROR;
				GCC_WARN_UNDECLARED_SELECTOR = YES;
				GCC_WARN_UNINITIALIZED_AUTOS = YES_AGGRESSIVE;
				GCC_WARN_UNUSED_FUNCTION = YES;
				GCC_WARN_UNUSED_VARIABLE = YES;
				IPHONEOS_DEPLOYMENT_TARGET = 11.4;
				MTL_ENABLE_DEBUG_INFO = NO;
				SDKROOT = iphoneos;
				SWIFT_COMPILATION_MODE = wholemodule;
				SWIFT_OPTIMIZATION_LEVEL = "-O";
				VALIDATE_PRODUCT = YES;
			};
			name = Release;
		};
		3B1E08442125285F00788CD7 /* Debug */ = {
			isa = XCBuildConfiguration;
			buildSettings = {
				ASSETCATALOG_COMPILER_APPICON_NAME = AppIcon;
				CODE_SIGN_STYLE = Automatic;
				INFOPLIST_FILE = KawagarboExample/Info.plist;
				IPHONEOS_DEPLOYMENT_TARGET = 8.0;
				LD_RUNPATH_SEARCH_PATHS = (
					"$(inherited)",
					"@executable_path/Frameworks",
				);
				PRODUCT_BUNDLE_IDENTIFIER = com.Moirig.KawagarboExample;
				PRODUCT_NAME = "$(TARGET_NAME)";
				SWIFT_VERSION = 4.0;
				TARGETED_DEVICE_FAMILY = "1,2";
			};
			name = Debug;
		};
		3B1E08452125285F00788CD7 /* Release */ = {
			isa = XCBuildConfiguration;
			buildSettings = {
				ASSETCATALOG_COMPILER_APPICON_NAME = AppIcon;
				CODE_SIGN_STYLE = Automatic;
				INFOPLIST_FILE = KawagarboExample/Info.plist;
				IPHONEOS_DEPLOYMENT_TARGET = 8.0;
				LD_RUNPATH_SEARCH_PATHS = (
					"$(inherited)",
					"@executable_path/Frameworks",
				);
				PRODUCT_BUNDLE_IDENTIFIER = com.Moirig.KawagarboExample;
				PRODUCT_NAME = "$(TARGET_NAME)";
				SWIFT_VERSION = 4.0;
				TARGETED_DEVICE_FAMILY = "1,2";
			};
			name = Release;
		};
/* End XCBuildConfiguration section */

/* Begin XCConfigurationList section */
		3B1E082A2125285C00788CD7 /* Build configuration list for PBXProject "KawagarboExample" */ = {
			isa = XCConfigurationList;
			buildConfigurations = (
				3B1E08412125285F00788CD7 /* Debug */,
				3B1E08422125285F00788CD7 /* Release */,
			);
			defaultConfigurationIsVisible = 0;
			defaultConfigurationName = Release;
		};
		3B1E08432125285F00788CD7 /* Build configuration list for PBXNativeTarget "KawagarboExample" */ = {
			isa = XCConfigurationList;
			buildConfigurations = (
				3B1E08442125285F00788CD7 /* Debug */,
				3B1E08452125285F00788CD7 /* Release */,
			);
			defaultConfigurationIsVisible = 0;
			defaultConfigurationName = Release;
		};
/* End XCConfigurationList section */
	};
	rootObject = 3B1E08272125285C00788CD7 /* Project object */;
}
